
Microsoft Visual Studio Solution File, Format Version 12.00
# Visual Studio 14
VisualStudioVersion = 14.0.24720.0
MinimumVisualStudioVersion = 10.0.40219.1
Project("{888888A0-9F3D-457C-B088-3A5042F75D52}") = "TT_AutoHexPort", "TT_AutoHexPort\TT_AutoHexPort.pyproj", "{07DCB827-D91B-4F36-AF0E-0374DF43E901}"
EndProject
Global
	GlobalSection(SolutionConfigurationPlatforms) = preSolution
		Debug|Any CPU = Debug|Any CPU
		Release|Any CPU = Release|Any CPU
	EndGlobalSection
	GlobalSection(ProjectConfigurationPlatforms) = postSolution
		{07DCB827-D91B-4F36-AF0E-0374DF43E901}.Debug|Any CPU.ActiveCfg = Debug|Any CPU
		{07DCB827-D91B-4F36-AF0E-0374DF43E901}.Release|Any CPU.ActiveCfg = Release|Any CPU
	EndGlobalSection
	GlobalSection(SolutionProperties) = preSolution
		HideSolutionNode = FALSE
	EndGlobalSection
EndGlobal
